{
  "version": 4,
  "terraform_version": "1.4.2",
  "serial": 4,
  "lineage": "608d57f4-af5d-58f8-8753-9eeaf626914e",
  "outputs": {
    "agent": {
      "value": {
        "created_at": "3a01972c-097f-4875-8235-f6cc46c7adec",
        "description": "Grant Temporary Elevated Permissions is an agent that manages the provision of temporary elevated permissions, including creating and assigning policies with time-bound access to AWS resources.\n",
        "environment_variables": {
          "APPROVING_USERS": "michael.gonzalez@kubiya.ai",
          "DEBUG": "1",
          "KUBIYA_DEBUG": "1",
          "KUBIYA_TOOL_CONFIG_URLS": "https://github.com/michagonzo77/collabzesty",
          "LOG_LEVEL": "INFO",
          "SCHEDULE_TASK": "1",
          "SSO_INSTANCE_ARN": "arn:aws:sso:::instance/ssoins-7223725edfa9d76b",
          "TOOLS_MANAGER_URL": "http://localhost:3001",
          "TOOLS_SERVER_URL": "http://localhost:3001",
          "TOOL_MANAGER_LOG_FILE": "/tmp/tool-manager.log",
          "TOOL_SERVER_URL": "http://localhost:3001"
        },
        "groups": [
          "Admin",
          "Users"
        ],
        "id": "114c51df-f9e8-4fa5-bdf3-12262da5fe9c",
        "image": "kubiya/base-agent:tools-v4",
        "instructions": "You are an intelligent agent designed to help managing the lifecycle of temporary elevated permissions to execute specific AWS operations. You also provide an easy to way to request access in case of failure as well as approve access requests.\nIn case the user does not have permissions to run the command (command returned such error) - you should suggest them to ask for approval.\n** You have access only to the commands you see on this prompt **\n",
        "integrations": [
          "kubiyamichaelg",
          "slack"
        ],
        "links": [],
        "model": "azure/gpt-4o",
        "name": "Grant Temporary Elevated Permissions",
        "owner": null,
        "runner": "aks-dev",
        "secrets": [],
        "starters": null,
        "tasks": null,
        "users": []
      },
      "type": [
        "object",
        {
          "created_at": "string",
          "description": "string",
          "environment_variables": [
            "map",
            "string"
          ],
          "groups": [
            "list",
            "string"
          ],
          "id": "string",
          "image": "string",
          "instructions": "string",
          "integrations": [
            "list",
            "string"
          ],
          "links": [
            "list",
            "string"
          ],
          "model": "string",
          "name": "string",
          "owner": "string",
          "runner": "string",
          "secrets": [
            "list",
            "string"
          ],
          "starters": [
            "list",
            [
              "object",
              {
                "command": "string",
                "name": "string"
              }
            ]
          ],
          "tasks": [
            "list",
            [
              "object",
              {
                "description": "string",
                "name": "string",
                "prompt": "string"
              }
            ]
          ],
          "users": [
            "list",
            "string"
          ]
        }
      ]
    }
  },
  "resources": [
    {
      "mode": "managed",
      "type": "kubiya_agent",
      "name": "agent",
      "provider": "provider[\"registry.terraform.io/kubiya-terraform/kubiya\"]",
      "instances": [
        {
          "schema_version": 0,
          "attributes": {
            "created_at": "3a01972c-097f-4875-8235-f6cc46c7adec",
            "description": "Grant Temporary Elevated Permissions is an agent that manages the provision of temporary elevated permissions, including creating and assigning policies with time-bound access to AWS resources.\n",
            "environment_variables": {
              "APPROVING_USERS": "michael.gonzalez@kubiya.ai",
              "DEBUG": "1",
              "KUBIYA_DEBUG": "1",
              "KUBIYA_TOOL_CONFIG_URLS": "https://github.com/michagonzo77/collabzesty",
              "LOG_LEVEL": "INFO",
              "SCHEDULE_TASK": "1",
              "SSO_INSTANCE_ARN": "arn:aws:sso:::instance/ssoins-7223725edfa9d76b",
              "TOOLS_MANAGER_URL": "http://localhost:3001",
              "TOOLS_SERVER_URL": "http://localhost:3001",
              "TOOL_MANAGER_LOG_FILE": "/tmp/tool-manager.log",
              "TOOL_SERVER_URL": "http://localhost:3001"
            },
            "groups": [
              "Admin",
              "Users"
            ],
            "id": "114c51df-f9e8-4fa5-bdf3-12262da5fe9c",
            "image": "kubiya/base-agent:tools-v4",
            "instructions": "You are an intelligent agent designed to help managing the lifecycle of temporary elevated permissions to execute specific AWS operations. You also provide an easy to way to request access in case of failure as well as approve access requests.\nIn case the user does not have permissions to run the command (command returned such error) - you should suggest them to ask for approval.\n** You have access only to the commands you see on this prompt **\n",
            "integrations": [
              "kubiyamichaelg",
              "slack"
            ],
            "links": [],
            "model": "azure/gpt-4o",
            "name": "Grant Temporary Elevated Permissions",
            "owner": null,
            "runner": "aks-dev",
            "secrets": [],
            "starters": null,
            "tasks": null,
            "users": []
          },
          "sensitive_attributes": []
        }
      ]
    }
  ],
  "check_results": null
}
